
Microsoft Visual Studio Solution File, Format Version 12.00
# Visual Studio 2012
Project("{FAE04EC0-301F-11D3-BF4B-00C04F79EFBC}") = "IntelligentRestaurantManager", "IntelligentRestaurantManager\IntelligentRestaurantManager.csproj", "{70D4CE11-ACF4-449B-A8A2-39190AAFCE6D}"
EndProject
Global
	GlobalSection(SolutionConfigurationPlatforms) = preSolution
		Debug|Any CPU = Debug|Any CPU
		Release|Any CPU = Release|Any CPU
	EndGlobalSection
	GlobalSection(ProjectConfigurationPlatforms) = postSolution
		{70D4CE11-ACF4-449B-A8A2-39190AAFCE6D}.Debug|Any CPU.ActiveCfg = Debug|Any CPU
		{70D4CE11-ACF4-449B-A8A2-39190AAFCE6D}.Debug|Any CPU.Build.0 = Debug|Any CPU
		{70D4CE11-ACF4-449B-A8A2-39190AAFCE6D}.Release|Any CPU.ActiveCfg = Release|Any CPU
		{70D4CE11-ACF4-449B-A8A2-39190AAFCE6D}.Release|Any CPU.Build.0 = Release|Any CPU
	EndGlobalSection
	GlobalSection(SolutionProperties) = preSolution
		HideSolutionNode = FALSE
	EndGlobalSection
EndGlobal
